
Microsoft Visual Studio Solution File, Format Version 12.00
# Visual Studio Version 17
VisualStudioVersion = 17.7.34031.279
MinimumVisualStudioVersion = 10.0.40219.1
Project("{FAE04EC0-301F-11D3-BF4B-00C04F79EFBC}") = "lab2-3.Fomichev", "lab2-3.Fomichev\lab2-3.Fomichev.csproj", "{C36F10A1-23E0-42E3-9720-6B92DB3D92BF}"
EndProject
Global
	GlobalSection(SolutionConfigurationPlatforms) = preSolution
		Debug|Any CPU = Debug|Any CPU
		Release|Any CPU = Release|Any CPU
	EndGlobalSection
	GlobalSection(ProjectConfigurationPlatforms) = postSolution
		{C36F10A1-23E0-42E3-9720-6B92DB3D92BF}.Debug|Any CPU.ActiveCfg = Debug|Any CPU
		{C36F10A1-23E0-42E3-9720-6B92DB3D92BF}.Debug|Any CPU.Build.0 = Debug|Any CPU
		{C36F10A1-23E0-42E3-9720-6B92DB3D92BF}.Release|Any CPU.ActiveCfg = Release|Any CPU
		{C36F10A1-23E0-42E3-9720-6B92DB3D92BF}.Release|Any CPU.Build.0 = Release|Any CPU
	EndGlobalSection
	GlobalSection(SolutionProperties) = preSolution
		HideSolutionNode = FALSE
	EndGlobalSection
	GlobalSection(ExtensibilityGlobals) = postSolution
		SolutionGuid = {5BCF0632-0FDD-429B-B435-3AA38C5687A9}
	EndGlobalSection
EndGlobal
